version = 1
revision = 3
requires-python = ">=3.9"
resolution-markers = [
    "python_full_version >= '3.11'",
    "python_full_version == '3.10.*'",
    "python_full_version < '3.10'",
]

[[package]]
name = "alp2gpx"
version = "1.0.0"
source = { editable = "." }

[package.dev-dependencies]
pyproj = [
    { name = "pyproj", version = "3.6.1", source = { registry = "https://pypi.org/simple" }, marker = "python_full_version < '3.10'" },
    { name = "pyproj", version = "3.7.1", source = { registry = "https://pypi.org/simple" }, marker = "python_full_version == '3.10.*'" },
    { name = "pyproj", version = "3.7.2", source = { registry = "https://pypi.org/simple" }, marker = "python_full_version >= '3.11'" },
]

[package.metadata]

[package.metadata.requires-dev]
pyproj = [{ name = "pyproj", specifier = ">=3.6.1" }]

[[package]]
name = "certifi"
version = "2026.1.4"
source = { registry = "https://pypi.org/simple" }
sdist = { url = "https://files.pythonhosted.org/packages/e0/2d/a891ca51311197f6ad14a7ef42e2399f36cf2f9bd44752b3dc4eab60fdc5/certifi-2026.1.4.tar.gz", hash = "sha256:ac726dd470482006e014ad384921ed6438c457018f4b3d204aea4281258b2120", size = 154268, upload-time = "2026-01-04T02:42:41.825Z" }
wheels = [
    { url = "https://files.pythonhosted.org/packages/e6/ad/3cc14f097111b4de0040c83a525973216457bbeeb63739ef1ed275c1c021/certifi-2026.1.4-py3-none-any.whl", hash = "sha256:9943707519e4add1115f44c2bc244f782c0249876bf51b6599fee1ffbedd685c", size = 152900, upload-time = "2026-01-04T02:42:40.15Z" },
]

[[package]]
name = "pyproj"
version = "3.6.1"
source = { registry = "https://pypi.org/simple" }
resolution-markers = [
    "python_full_version < '3.10'",
]
dependencies = [
    { name = "certifi", marker = "python_full_version < '3.10'" },
]
sdist = { url = "https://files.pythonhosted.org/packages/7d/84/2b39bbf888c753ea48b40d47511548c77aa03445465c35cc4c4e9649b643/pyproj-3.6.1.tar.gz", hash = "sha256:44aa7c704c2b7d8fb3d483bbf75af6cb2350d30a63b144279a09b75fead501bf", size = 225131, upload-time = "2023-09-21T02:07:51.593Z" }
wheels = [
    { url = "https://files.pythonhosted.org/packages/c5/32/63cf474f4a8d4804b3bdf7c16b8589f38142e8e2f8319dcea27e0bc21a87/pyproj-3.6.1-cp310-cp310-macosx_10_9_x86_64.whl", hash = "sha256:ab7aa4d9ff3c3acf60d4b285ccec134167a948df02347585fdd934ebad8811b4", size = 6142763, upload-time = "2023-09-21T02:07:12.844Z" },
    { url = "https://files.pythonhosted.org/packages/18/86/2e7cb9de40492f1bafbf11f4c9072edc394509a40b5e4c52f8139546f039/pyproj-3.6.1-cp310-cp310-macosx_11_0_arm64.whl", hash = "sha256:4bc0472302919e59114aa140fd7213c2370d848a7249d09704f10f5b062031fe", size = 4877123, upload-time = "2023-09-21T02:10:37.905Z" },
    { url = "https://files.pythonhosted.org/packages/5e/c5/928d5a26995dbefbebd7507d982141cd9153bc7e4392b334fff722c4af12/pyproj-3.6.1-cp310-cp310-manylinux_2_17_aarch64.manylinux2014_aarch64.whl", hash = "sha256:5279586013b8d6582e22b6f9e30c49796966770389a9d5b85e25a4223286cd3f", size = 6190576, upload-time = "2023-09-21T02:17:08.637Z" },
    { url = "https://files.pythonhosted.org/packages/f6/2b/b60cf73b0720abca313bfffef34e34f7f7dae23852b2853cf0368d49426b/pyproj-3.6.1-cp310-cp310-manylinux_2_17_x86_64.manylinux2014_x86_64.whl", hash = "sha256:80fafd1f3eb421694857f254a9bdbacd1eb22fc6c24ca74b136679f376f97d35", size = 8328075, upload-time = "2023-09-21T02:07:15.353Z" },
    { url = "https://files.pythonhosted.org/packages/d9/a8/7193f46032636be917bc775506ae987aad72c931b1f691b775ca812a2917/pyproj-3.6.1-cp310-cp310-win32.whl", hash = "sha256:c41e80ddee130450dcb8829af7118f1ab69eaf8169c4bf0ee8d52b72f098dc2f", size = 5635713, upload-time = "2023-09-21T02:07:17.548Z" },
    { url = "https://files.pythonhosted.org/packages/89/8f/27350c8fba71a37cd0d316f100fbd96bf139cc2b5ff1ab0dcbc7ac64010a/pyproj-3.6.1-cp310-cp310-win_amd64.whl", hash = "sha256:db3aedd458e7f7f21d8176f0a1d924f1ae06d725228302b872885a1c34f3119e", size = 6087932, upload-time = "2023-09-21T02:07:19.793Z" },
    { url = "https://files.pythonhosted.org/packages/84/a6/a300c1b14b2112e966e9f90b18f9c13b586bdcf417207cee913ae9005da3/pyproj-3.6.1-cp311-cp311-macosx_10_9_x86_64.whl", hash = "sha256:ebfbdbd0936e178091309f6cd4fcb4decd9eab12aa513cdd9add89efa3ec2882", size = 6147442, upload-time = "2023-09-21T02:07:21.879Z" },
    { url = "https://files.pythonhosted.org/packages/30/bd/b9bd3761f08754e8dbb34c5a647db2099b348ab5da338e90980caf280e37/pyproj-3.6.1-cp311-cp311-macosx_11_0_arm64.whl", hash = "sha256:447db19c7efad70ff161e5e46a54ab9cc2399acebb656b6ccf63e4bc4a04b97a", size = 4880331, upload-time = "2023-09-21T02:10:40.828Z" },
    { url = "https://files.pythonhosted.org/packages/f4/0a/d82aeeb605b5d6870bc72307c3b5e044e632eb7720df8885e144f51a8eac/pyproj-3.6.1-cp311-cp311-manylinux_2_17_aarch64.manylinux2014_aarch64.whl", hash = "sha256:e7e13c40183884ec7f94eb8e0f622f08f1d5716150b8d7a134de48c6110fee85", size = 6192425, upload-time = "2023-09-21T02:17:09.049Z" },
    { url = "https://files.pythonhosted.org/packages/64/90/dfe5c00de1ca4dbb82606e79790659d4ed7f0ed8d372bccb3baca2a5abe0/pyproj-3.6.1-cp311-cp311-manylinux_2_17_x86_64.manylinux2014_x86_64.whl", hash = "sha256:65ad699e0c830e2b8565afe42bd58cc972b47d829b2e0e48ad9638386d994915", size = 8571478, upload-time = "2023-09-21T02:07:23.771Z" },
    { url = "https://files.pythonhosted.org/packages/14/6d/ae373629a1723f0db80d7b8c93598b00d9ecb930ed9ebf4f35826a33e97c/pyproj-3.6.1-cp311-cp311-win32.whl", hash = "sha256:8b8acc31fb8702c54625f4d5a2a6543557bec3c28a0ef638778b7ab1d1772132", size = 5634575, upload-time = "2023-09-21T02:07:26.535Z" },
    { url = "https://files.pythonhosted.org/packages/79/95/eb68113c5b5737c342bde1bab92705dabe69c16299c5a122616e50f1fbd6/pyproj-3.6.1-cp311-cp311-win_amd64.whl", hash = "sha256:38a3361941eb72b82bd9a18f60c78b0df8408416f9340521df442cebfc4306e2", size = 6088494, upload-time = "2023-09-21T02:07:28.75Z" },
    { url = "https://files.pythonhosted.org/packages/0b/64/93232511a7906a492b1b7dfdfc17f4e95982d76a24ef4f86d18cfe7ae2c9/pyproj-3.6.1-cp312-cp312-macosx_10_9_x86_64.whl", hash = "sha256:1e9fbaf920f0f9b4ee62aab832be3ae3968f33f24e2e3f7fbb8c6728ef1d9746", size = 6135280, upload-time = "2023-09-21T02:07:30.911Z" },
    { url = "https://files.pythonhosted.org/packages/10/f2/b550b1f65cc7e51c9116b220b50aade60c439103432a3fd5b12efbc77e15/pyproj-3.6.1-cp312-cp312-macosx_11_0_arm64.whl", hash = "sha256:6d227a865356f225591b6732430b1d1781e946893789a609bb34f59d09b8b0f8", size = 4880030, upload-time = "2023-09-21T02:10:43.067Z" },
    { url = "https://files.pythonhosted.org/packages/fe/4b/2f8f6f94643b9fe2083338eff294feda84d916409b5840b7a402d2be93f8/pyproj-3.6.1-cp312-cp312-manylinux_2_17_aarch64.manylinux2014_aarch64.whl", hash = "sha256:83039e5ae04e5afc974f7d25ee0870a80a6bd6b7957c3aca5613ccbe0d3e72bf", size = 6184439, upload-time = "2023-09-21T02:17:43.499Z" },
    { url = "https://files.pythonhosted.org/packages/19/9b/c57569132174786aa3f72275ac306956859a639dad0ce8d95c8411ce8209/pyproj-3.6.1-cp312-cp312-manylinux_2_17_x86_64.manylinux2014_x86_64.whl", hash = "sha256:fffb059ba3bced6f6725961ba758649261d85ed6ce670d3e3b0a26e81cf1aa8d", size = 8660747, upload-time = "2023-09-21T02:07:32.586Z" },
    { url = "https://files.pythonhosted.org/packages/0e/ab/1c2159ec757677c5a6b8803f6be45c2b550dc42c84ec4a228dc219849bbb/pyproj-3.6.1-cp312-cp312-win32.whl", hash = "sha256:2d6ff73cc6dbbce3766b6c0bce70ce070193105d8de17aa2470009463682a8eb", size = 5626805, upload-time = "2023-09-21T02:07:35.28Z" },
    { url = "https://files.pythonhosted.org/packages/c7/f3/2f32fe143cd7ba1d4d68f1b6dce9ca402d909cbd5a5830e3a8fa3d1acbbf/pyproj-3.6.1-cp312-cp312-win_amd64.whl", hash = "sha256:7a27151ddad8e1439ba70c9b4b2b617b290c39395fa9ddb7411ebb0eb86d6fb0", size = 6079779, upload-time = "2023-09-21T02:07:37.486Z" },
    { url = "https://files.pythonhosted.org/packages/d7/50/d369bbe62d7a0d1e2cb40bc211da86a3f6e0f3c99f872957a72c3d5492d6/pyproj-3.6.1-cp39-cp39-macosx_10_9_x86_64.whl", hash = "sha256:4ba1f9b03d04d8cab24d6375609070580a26ce76eaed54631f03bab00a9c737b", size = 6144755, upload-time = "2023-09-21T02:07:39.611Z" },
    { url = "https://files.pythonhosted.org/packages/2c/c2/8d4f61065dfed965e53badd41201ad86a05af0c1bbc75dffb12ef0f5a7dd/pyproj-3.6.1-cp39-cp39-macosx_11_0_arm64.whl", hash = "sha256:18faa54a3ca475bfe6255156f2f2874e9a1c8917b0004eee9f664b86ccc513d3", size = 4879187, upload-time = "2023-09-21T02:10:45.519Z" },
    { url = "https://files.pythonhosted.org/packages/31/38/2cf8777cb2d5622a78195e690281b7029098795fde4751aec8128238b8bb/pyproj-3.6.1-cp39-cp39-manylinux_2_17_aarch64.manylinux2014_aarch64.whl", hash = "sha256:fd43bd9a9b9239805f406fd82ba6b106bf4838d9ef37c167d3ed70383943ade1", size = 6192339, upload-time = "2023-09-21T02:17:09.942Z" },
    { url = "https://files.pythonhosted.org/packages/97/0a/b1525be9680369cc06dd288e12c59d24d5798b4afcdcf1b0915836e1caa6/pyproj-3.6.1-cp39-cp39-manylinux_2_17_x86_64.manylinux2014_x86_64.whl", hash = "sha256:50100b2726a3ca946906cbaa789dd0749f213abf0cbb877e6de72ca7aa50e1ae", size = 8332638, upload-time = "2023-09-21T02:07:41.777Z" },
    { url = "https://files.pythonhosted.org/packages/8d/e8/e826e0a962f36bd925a933829cf6ef218efe2055db5ea292be40974a929d/pyproj-3.6.1-cp39-cp39-win32.whl", hash = "sha256:9274880263256f6292ff644ca92c46d96aa7e57a75c6df3f11d636ce845a1877", size = 5638159, upload-time = "2023-09-21T02:07:43.49Z" },
    { url = "https://files.pythonhosted.org/packages/43/d0/cbe29a4dcf38ee7e72bf695d0d3f2bee21b4f22ee6cf579ad974de9edfc8/pyproj-3.6.1-cp39-cp39-win_amd64.whl", hash = "sha256:36b64c2cb6ea1cc091f329c5bd34f9c01bb5da8c8e4492c709bda6a09f96808f", size = 6090565, upload-time = "2023-09-21T02:07:45.735Z" },
    { url = "https://files.pythonhosted.org/packages/43/28/e8d2ca71dd56c27cbe668e4226963d61956cded222a2e839e6fec1ab6d82/pyproj-3.6.1-pp39-pypy39_pp73-macosx_10_9_x86_64.whl", hash = "sha256:fd93c1a0c6c4aedc77c0fe275a9f2aba4d59b8acf88cebfc19fe3c430cfabf4f", size = 6034252, upload-time = "2023-09-21T02:07:47.906Z" },
    { url = "https://files.pythonhosted.org/packages/cb/39/1ce27cb86f51a1f5aed3a1617802a6131b59ea78492141d1fbe36722595e/pyproj-3.6.1-pp39-pypy39_pp73-manylinux_2_17_x86_64.manylinux2014_x86_64.whl", hash = "sha256:6420ea8e7d2a88cb148b124429fba8cd2e0fae700a2d96eab7083c0928a85110", size = 6386263, upload-time = "2023-09-21T02:07:49.586Z" },
]

[[package]]
name = "pyproj"
version = "3.7.1"
source = { registry = "https://pypi.org/simple" }
resolution-markers = [
    "python_full_version == '3.10.*'",
]
dependencies = [
    { name = "certifi", marker = "python_full_version == '3.10.*'" },
]
sdist = { url = "https://files.pythonhosted.org/packages/67/10/a8480ea27ea4bbe896c168808854d00f2a9b49f95c0319ddcbba693c8a90/pyproj-3.7.1.tar.gz", hash = "sha256:60d72facd7b6b79853f19744779abcd3f804c4e0d4fa8815469db20c9f640a47", size = 226339, upload-time = "2025-02-16T04:28:46.621Z" }
wheels = [
    { url = "https://files.pythonhosted.org/packages/25/a3/c4cd4bba5b336075f145fe784fcaf4ef56ffbc979833303303e7a659dda2/pyproj-3.7.1-cp310-cp310-macosx_13_0_x86_64.whl", hash = "sha256:bf09dbeb333c34e9c546364e7df1ff40474f9fddf9e70657ecb0e4f670ff0b0e", size = 6262524, upload-time = "2025-02-16T04:27:19.725Z" },
    { url = "https://files.pythonhosted.org/packages/40/45/4fdf18f4cc1995f1992771d2a51cf186a9d7a8ec973c9693f8453850c707/pyproj-3.7.1-cp310-cp310-macosx_14_0_arm64.whl", hash = "sha256:6575b2e53cc9e3e461ad6f0692a5564b96e7782c28631c7771c668770915e169", size = 4665102, upload-time = "2025-02-16T04:27:24.428Z" },
    { url = "https://files.pythonhosted.org/packages/0c/d2/360eb127380106cee83569954ae696b88a891c804d7a93abe3fbc15f5976/pyproj-3.7.1-cp310-cp310-manylinux_2_17_aarch64.manylinux2014_aarch64.whl", hash = "sha256:8cb516ee35ed57789b46b96080edf4e503fdb62dbb2e3c6581e0d6c83fca014b", size = 9432667, upload-time = "2025-02-16T04:27:27.04Z" },
    { url = "https://files.pythonhosted.org/packages/76/a5/c6e11b9a99ce146741fb4d184d5c468446c6d6015b183cae82ac822a6cfa/pyproj-3.7.1-cp310-cp310-manylinux_2_17_x86_64.manylinux2014_x86_64.whl", hash = "sha256:1e47c4e93b88d99dd118875ee3ca0171932444cdc0b52d493371b5d98d0f30ee", size = 9259185, upload-time = "2025-02-16T04:27:30.35Z" },
    { url = "https://files.pythonhosted.org/packages/41/56/a3c15c42145797a99363fa0fdb4e9805dccb8b4a76a6d7b2cdf36ebcc2a1/pyproj-3.7.1-cp310-cp310-musllinux_1_2_aarch64.whl", hash = "sha256:3e8d276caeae34fcbe4813855d0d97b9b825bab8d7a8b86d859c24a6213a5a0d", size = 10469103, upload-time = "2025-02-16T04:27:33.542Z" },
    { url = "https://files.pythonhosted.org/packages/ef/73/c9194c2802fefe2a4fd4230bdd5ab083e7604e93c64d0356fa49c363bad6/pyproj-3.7.1-cp310-cp310-musllinux_1_2_x86_64.whl", hash = "sha256:f173f851ee75e54acdaa053382b6825b400cb2085663a9bb073728a59c60aebb", size = 10401391, upload-time = "2025-02-16T04:27:36.051Z" },
    { url = "https://files.pythonhosted.org/packages/c5/1d/ce8bb5b9251b04d7c22d63619bb3db3d2397f79000a9ae05b3fd86a5837e/pyproj-3.7.1-cp310-cp310-win32.whl", hash = "sha256:f550281ed6e5ea88fcf04a7c6154e246d5714be495c50c9e8e6b12d3fb63e158", size = 5869997, upload-time = "2025-02-16T04:27:38.302Z" },
    { url = "https://files.pythonhosted.org/packages/09/6a/ca145467fd2e5b21e3d5b8c2b9645dcfb3b68f08b62417699a1f5689008e/pyproj-3.7.1-cp310-cp310-win_amd64.whl", hash = "sha256:3537668992a709a2e7f068069192138618c00d0ba113572fdd5ee5ffde8222f3", size = 6278581, upload-time = "2025-02-16T04:27:41.051Z" },
    { url = "https://files.pythonhosted.org/packages/ab/0d/63670fc527e664068b70b7cab599aa38b7420dd009bdc29ea257e7f3dfb3/pyproj-3.7.1-cp311-cp311-macosx_13_0_x86_64.whl", hash = "sha256:a94e26c1a4950cea40116775588a2ca7cf56f1f434ff54ee35a84718f3841a3d", size = 6264315, upload-time = "2025-02-16T04:27:44.539Z" },
    { url = "https://files.pythonhosted.org/packages/25/9d/cbaf82cfb290d1f1fa42feb9ba9464013bb3891e40c4199f8072112e4589/pyproj-3.7.1-cp311-cp311-macosx_14_0_arm64.whl", hash = "sha256:263b54ba5004b6b957d55757d846fc5081bc02980caa0279c4fc95fa0fff6067", size = 4666267, upload-time = "2025-02-16T04:27:47.019Z" },
    { url = "https://files.pythonhosted.org/packages/79/53/24f9f9b8918c0550f3ff49ad5de4cf3f0688c9f91ff191476db8979146fe/pyproj-3.7.1-cp311-cp311-manylinux_2_17_aarch64.manylinux2014_aarch64.whl", hash = "sha256:f6d6a2ccd5607cd15ef990c51e6f2dd27ec0a741e72069c387088bba3aab60fa", size = 9680510, upload-time = "2025-02-16T04:27:49.239Z" },
    { url = "https://files.pythonhosted.org/packages/3c/ac/12fab74a908d40b63174dc704587febd0729414804bbfd873cabe504ff2d/pyproj-3.7.1-cp311-cp311-manylinux_2_17_x86_64.manylinux2014_x86_64.whl", hash = "sha256:8c5dcf24ede53d8abab7d8a77f69ff1936c6a8843ef4fcc574646e4be66e5739", size = 9493619, upload-time = "2025-02-16T04:27:52.65Z" },
    { url = "https://files.pythonhosted.org/packages/c4/45/26311d6437135da2153a178125db5dfb6abce831ce04d10ec207eabac70a/pyproj-3.7.1-cp311-cp311-musllinux_1_2_aarch64.whl", hash = "sha256:3c2e7449840a44ce860d8bea2c6c1c4bc63fa07cba801dcce581d14dcb031a02", size = 10709755, upload-time = "2025-02-16T04:27:55.239Z" },
    { url = "https://files.pythonhosted.org/packages/99/52/4ecd0986f27d0e6c8ee3a7bc5c63da15acd30ac23034f871325b297e61fd/pyproj-3.7.1-cp311-cp311-musllinux_1_2_x86_64.whl", hash = "sha256:0829865c1d3a3543f918b3919dc601eea572d6091c0dd175e1a054db9c109274", size = 10642970, upload-time = "2025-02-16T04:27:58.343Z" },
    { url = "https://files.pythonhosted.org/packages/3f/a5/d3bfc018fc92195a000d1d28acc1f3f1df15ff9f09ece68f45a2636c0134/pyproj-3.7.1-cp311-cp311-win32.whl", hash = "sha256:6181960b4b812e82e588407fe5c9c68ada267c3b084db078f248db5d7f45d18a", size = 5868295, upload-time = "2025-02-16T04:28:01.712Z" },
    { url = "https://files.pythonhosted.org/packages/92/39/ef6f06a5b223dbea308cfcbb7a0f72e7b506aef1850e061b2c73b0818715/pyproj-3.7.1-cp311-cp311-win_amd64.whl", hash = "sha256:5ad0ff443a785d84e2b380869fdd82e6bfc11eba6057d25b4409a9bbfa867970", size = 6279871, upload-time = "2025-02-16T04:28:04.988Z" },
    { url = "https://files.pythonhosted.org/packages/e6/c9/876d4345b8d17f37ac59ebd39f8fa52fc6a6a9891a420f72d050edb6b899/pyproj-3.7.1-cp312-cp312-macosx_13_0_x86_64.whl", hash = "sha256:2781029d90df7f8d431e29562a3f2d8eafdf233c4010d6fc0381858dc7373217", size = 6264087, upload-time = "2025-02-16T04:28:09.036Z" },
    { url = "https://files.pythonhosted.org/packages/ff/e6/5f8691f8c90e7f402cc80a6276eb19d2ec1faa150d5ae2dd9c7b0a254da8/pyproj-3.7.1-cp312-cp312-macosx_14_0_arm64.whl", hash = "sha256:d61bf8ab04c73c1da08eedaf21a103b72fa5b0a9b854762905f65ff8b375d394", size = 4669628, upload-time = "2025-02-16T04:28:10.944Z" },
    { url = "https://files.pythonhosted.org/packages/42/ec/16475bbb79c1c68845c0a0d9c60c4fb31e61b8a2a20bc18b1a81e81c7f68/pyproj-3.7.1-cp312-cp312-manylinux_2_17_aarch64.manylinux2014_aarch64.whl", hash = "sha256:04abc517a8555d1b05fcee768db3280143fe42ec39fdd926a2feef31631a1f2f", size = 9721415, upload-time = "2025-02-16T04:28:13.342Z" },
    { url = "https://files.pythonhosted.org/packages/b3/a3/448f05b15e318bd6bea9a32cfaf11e886c4ae61fa3eee6e09ed5c3b74bb2/pyproj-3.7.1-cp312-cp312-manylinux_2_17_x86_64.manylinux2014_x86_64.whl", hash = "sha256:084c0a475688f934d386c2ab3b6ce03398a473cd48adfda70d9ab8f87f2394a0", size = 9556447, upload-time = "2025-02-16T04:28:15.818Z" },
    { url = "https://files.pythonhosted.org/packages/6a/ae/bd15fe8d8bd914ead6d60bca7f895a4e6f8ef7e3928295134ff9a7dad14c/pyproj-3.7.1-cp312-cp312-musllinux_1_2_aarch64.whl", hash = "sha256:a20727a23b1e49c7dc7fe3c3df8e56a8a7acdade80ac2f5cca29d7ca5564c145", size = 10758317, upload-time = "2025-02-16T04:28:18.338Z" },
    { url = "https://files.pythonhosted.org/packages/9d/d9/5ccefb8bca925f44256b188a91c31238cae29ab6ee7f53661ecc04616146/pyproj-3.7.1-cp312-cp312-musllinux_1_2_x86_64.whl", hash = "sha256:bf84d766646f1ebd706d883755df4370aaf02b48187cedaa7e4239f16bc8213d", size = 10771259, upload-time = "2025-02-16T04:28:20.822Z" },
    { url = "https://files.pythonhosted.org/packages/2a/7d/31dedff9c35fa703162f922eeb0baa6c44a3288469a5fd88d209e2892f9e/pyproj-3.7.1-cp312-cp312-win32.whl", hash = "sha256:5f0da2711364d7cb9f115b52289d4a9b61e8bca0da57f44a3a9d6fc9bdeb7274", size = 5859914, upload-time = "2025-02-16T04:28:23.303Z" },
    { url = "https://files.pythonhosted.org/packages/3e/47/c6ab03d6564a7c937590cff81a2742b5990f096cce7c1a622d325be340ee/pyproj-3.7.1-cp312-cp312-win_amd64.whl", hash = "sha256:aee664a9d806612af30a19dba49e55a7a78ebfec3e9d198f6a6176e1d140ec98", size = 6273196, upload-time = "2025-02-16T04:28:25.227Z" },
    { url = "https://files.pythonhosted.org/packages/ef/01/984828464c9960036c602753fc0f21f24f0aa9043c18fa3f2f2b66a86340/pyproj-3.7.1-cp313-cp313-macosx_13_0_x86_64.whl", hash = "sha256:5f8d02ef4431dee414d1753d13fa82a21a2f61494737b5f642ea668d76164d6d", size = 6253062, upload-time = "2025-02-16T04:28:27.861Z" },
    { url = "https://files.pythonhosted.org/packages/68/65/6ecdcdc829811a2c160cdfe2f068a009fc572fd4349664f758ccb0853a7c/pyproj-3.7.1-cp313-cp313-macosx_14_0_arm64.whl", hash = "sha256:0b853ae99bda66cbe24b4ccfe26d70601d84375940a47f553413d9df570065e0", size = 4660548, upload-time = "2025-02-16T04:28:29.526Z" },
    { url = "https://files.pythonhosted.org/packages/67/da/dda94c4490803679230ba4c17a12f151b307a0d58e8110820405ca2d98db/pyproj-3.7.1-cp313-cp313-manylinux_2_17_aarch64.manylinux2014_aarch64.whl", hash = "sha256:83db380c52087f9e9bdd8a527943b2e7324f275881125e39475c4f9277bdeec4", size = 9662464, upload-time = "2025-02-16T04:28:31.437Z" },
    { url = "https://files.pythonhosted.org/packages/6f/57/f61b7d22c91ae1d12ee00ac4c0038714e774ebcd851b9133e5f4f930dd40/pyproj-3.7.1-cp313-cp313-manylinux_2_17_x86_64.manylinux2014_x86_64.whl", hash = "sha256:b35ed213892e211a3ce2bea002aa1183e1a2a9b79e51bb3c6b15549a831ae528", size = 9497461, upload-time = "2025-02-16T04:28:33.848Z" },
    { url = "https://files.pythonhosted.org/packages/b7/f6/932128236f79d2ac7d39fe1a19667fdf7155d9a81d31fb9472a7a497790f/pyproj-3.7.1-cp313-cp313-musllinux_1_2_aarch64.whl", hash = "sha256:a8b15b0463d1303bab113d1a6af2860a0d79013c3a66fcc5475ce26ef717fd4f", size = 10708869, upload-time = "2025-02-16T04:28:37.34Z" },
    { url = "https://files.pythonhosted.org/packages/1d/0d/07ac7712994454a254c383c0d08aff9916a2851e6512d59da8dc369b1b02/pyproj-3.7.1-cp313-cp313-musllinux_1_2_x86_64.whl", hash = "sha256:87229e42b75e89f4dad6459200f92988c5998dfb093c7c631fb48524c86cd5dc", size = 10729260, upload-time = "2025-02-16T04:28:40.639Z" },
    { url = "https://files.pythonhosted.org/packages/b0/d0/9c604bc72c37ba69b867b6df724d6a5af6789e8c375022c952f65b2af558/pyproj-3.7.1-cp313-cp313-win32.whl", hash = "sha256:d666c3a3faaf3b1d7fc4a544059c4eab9d06f84a604b070b7aa2f318e227798e", size = 5855462, upload-time = "2025-02-16T04:28:42.827Z" },
    { url = "https://files.pythonhosted.org/packages/98/df/68a2b7f5fb6400c64aad82d72bcc4bc531775e62eedff993a77c780defd0/pyproj-3.7.1-cp313-cp313-win_amd64.whl", hash = "sha256:d3caac7473be22b6d6e102dde6c46de73b96bc98334e577dfaee9886f102ea2e", size = 6266573, upload-time = "2025-02-16T04:28:44.727Z" },
]

[[package]]
name = "pyproj"
version = "3.7.2"
source = { registry = "https://pypi.org/simple" }
resolution-markers = [
    "python_full_version >= '3.11'",
]
dependencies = [
    { name = "certifi", marker = "python_full_version >= '3.11'" },
]
sdist = { url = "https://files.pythonhosted.org/packages/04/90/67bd7260b4ea9b8b20b4f58afef6c223ecb3abf368eb4ec5bc2cdef81b49/pyproj-3.7.2.tar.gz", hash = "sha256:39a0cf1ecc7e282d1d30f36594ebd55c9fae1fda8a2622cee5d100430628f88c", size = 226279, upload-time = "2025-08-14T12:05:42.18Z" }
wheels = [
    { url = "https://files.pythonhosted.org/packages/a6/bd/f205552cd1713b08f93b09e39a3ec99edef0b3ebbbca67b486fdf1abe2de/pyproj-3.7.2-cp311-cp311-macosx_13_0_x86_64.whl", hash = "sha256:2514d61f24c4e0bb9913e2c51487ecdaeca5f8748d8313c933693416ca41d4d5", size = 6227022, upload-time = "2025-08-14T12:03:51.474Z" },
    { url = "https://files.pythonhosted.org/packages/75/4c/9a937e659b8b418ab573c6d340d27e68716928953273e0837e7922fcac34/pyproj-3.7.2-cp311-cp311-macosx_14_0_arm64.whl", hash = "sha256:8693ca3892d82e70de077701ee76dd13d7bca4ae1c9d1e739d72004df015923a", size = 4625810, upload-time = "2025-08-14T12:03:53.808Z" },
    { url = "https://files.pythonhosted.org/packages/c0/7d/a9f41e814dc4d1dc54e95b2ccaf0b3ebe3eb18b1740df05fe334724c3d89/pyproj-3.7.2-cp311-cp311-manylinux_2_28_aarch64.whl", hash = "sha256:5e26484d80fea56273ed1555abaea161e9661d81a6c07815d54b8e883d4ceb25", size = 9638694, upload-time = "2025-08-14T12:03:55.669Z" },
    { url = "https://files.pythonhosted.org/packages/ad/ab/9bdb4a6216b712a1f9aab1c0fcbee5d3726f34a366f29c3e8c08a78d6b70/pyproj-3.7.2-cp311-cp311-manylinux_2_28_x86_64.whl", hash = "sha256:281cb92847814e8018010c48b4069ff858a30236638631c1a91dd7bfa68f8a8a", size = 9493977, upload-time = "2025-08-14T12:03:57.937Z" },
    { url = "https://files.pythonhosted.org/packages/c9/db/2db75b1b6190f1137b1c4e8ef6a22e1c338e46320f6329bfac819143e063/pyproj-3.7.2-cp311-cp311-musllinux_1_2_aarch64.whl", hash = "sha256:9c8577f0b7bb09118ec2e57e3babdc977127dd66326d6c5d755c76b063e6d9dc", size = 10841151, upload-time = "2025-08-14T12:04:00.271Z" },
    { url = "https://files.pythonhosted.org/packages/89/f7/989643394ba23a286e9b7b3f09981496172f9e0d4512457ffea7dc47ffc7/pyproj-3.7.2-cp311-cp311-musllinux_1_2_x86_64.whl", hash = "sha256:a23f59904fac3a5e7364b3aa44d288234af267ca041adb2c2b14a903cd5d3ac5", size = 10751585, upload-time = "2025-08-14T12:04:02.228Z" },
    { url = "https://files.pythonhosted.org/packages/53/6d/ad928fe975a6c14a093c92e6a319ca18f479f3336bb353a740bdba335681/pyproj-3.7.2-cp311-cp311-win32.whl", hash = "sha256:f2af4ed34b2cf3e031a2d85b067a3ecbd38df073c567e04b52fa7a0202afde8a", size = 5908533, upload-time = "2025-08-14T12:04:04.821Z" },
    { url = "https://files.pythonhosted.org/packages/79/e0/b95584605cec9ed50b7ebaf7975d1c4ddeec5a86b7a20554ed8b60042bd7/pyproj-3.7.2-cp311-cp311-win_amd64.whl", hash = "sha256:0b7cb633565129677b2a183c4d807c727d1c736fcb0568a12299383056e67433", size = 6320742, upload-time = "2025-08-14T12:04:06.357Z" },
    { url = "https://files.pythonhosted.org/packages/b7/4d/536e8f93bca808175c2d0a5ac9fdf69b960d8ab6b14f25030dccb07464d7/pyproj-3.7.2-cp311-cp311-win_arm64.whl", hash = "sha256:38b08d85e3a38e455625b80e9eb9f78027c8e2649a21dec4df1f9c3525460c71", size = 6245772, upload-time = "2025-08-14T12:04:08.365Z" },
    { url = "https://files.pythonhosted.org/packages/8d/ab/9893ea9fb066be70ed9074ae543914a618c131ed8dff2da1e08b3a4df4db/pyproj-3.7.2-cp312-cp312-macosx_13_0_x86_64.whl", hash = "sha256:0a9bb26a6356fb5b033433a6d1b4542158fb71e3c51de49b4c318a1dff3aeaab", size = 6219832, upload-time = "2025-08-14T12:04:10.264Z" },
    { url = "https://files.pythonhosted.org/packages/53/78/4c64199146eed7184eb0e85bedec60a4aa8853b6ffe1ab1f3a8b962e70a0/pyproj-3.7.2-cp312-cp312-macosx_14_0_arm64.whl", hash = "sha256:567caa03021178861fad27fabde87500ec6d2ee173dd32f3e2d9871e40eebd68", size = 4620650, upload-time = "2025-08-14T12:04:11.978Z" },
    { url = "https://files.pythonhosted.org/packages/b6/ac/14a78d17943898a93ef4f8c6a9d4169911c994e3161e54a7cedeba9d8dde/pyproj-3.7.2-cp312-cp312-manylinux_2_28_aarch64.whl", hash = "sha256:c203101d1dc3c038a56cff0447acc515dd29d6e14811406ac539c21eed422b2a", size = 9667087, upload-time = "2025-08-14T12:04:13.964Z" },
    { url = "https://files.pythonhosted.org/packages/b8/be/212882c450bba74fc8d7d35cbd57e4af84792f0a56194819d98106b075af/pyproj-3.7.2-cp312-cp312-manylinux_2_28_x86_64.whl", hash = "sha256:1edc34266c0c23ced85f95a1ee8b47c9035eae6aca5b6b340327250e8e281630", size = 9552797, upload-time = "2025-08-14T12:04:16.624Z" },
    { url = "https://files.pythonhosted.org/packages/ba/c0/c0f25c87b5d2a8686341c53c1792a222a480d6c9caf60311fec12c99ec26/pyproj-3.7.2-cp312-cp312-musllinux_1_2_aarch64.whl", hash = "sha256:aa9f26c21bc0e2dc3d224cb1eb4020cf23e76af179a7c66fea49b828611e4260", size = 10837036, upload-time = "2025-08-14T12:04:18.733Z" },
    { url = "https://files.pythonhosted.org/packages/5d/37/5cbd6772addde2090c91113332623a86e8c7d583eccb2ad02ea634c4a89f/pyproj-3.7.2-cp312-cp312-musllinux_1_2_x86_64.whl", hash = "sha256:f9428b318530625cb389b9ddc9c51251e172808a4af79b82809376daaeabe5e9", size = 10775952, upload-time = "2025-08-14T12:04:20.709Z" },
    { url = "https://files.pythonhosted.org/packages/69/a1/dc250e3cf83eb4b3b9a2cf86fdb5e25288bd40037ae449695550f9e96b2f/pyproj-3.7.2-cp312-cp312-win32.whl", hash = "sha256:b3d99ed57d319da042f175f4554fc7038aa4bcecc4ac89e217e350346b742c9d", size = 5898872, upload-time = "2025-08-14T12:04:22.485Z" },
    { url = "https://files.pythonhosted.org/packages/4a/a6/6fe724b72b70f2b00152d77282e14964d60ab092ec225e67c196c9b463e5/pyproj-3.7.2-cp312-cp312-win_amd64.whl", hash = "sha256:11614a054cd86a2ed968a657d00987a86eeb91fdcbd9ad3310478685dc14a128", size = 6312176, upload-time = "2025-08-14T12:04:24.736Z" },
    { url = "https://files.pythonhosted.org/packages/5d/68/915cc32c02a91e76d02c8f55d5a138d6ef9e47a0d96d259df98f4842e558/pyproj-3.7.2-cp312-cp312-win_arm64.whl", hash = "sha256:509a146d1398bafe4f53273398c3bb0b4732535065fa995270e52a9d3676bca3", size = 6233452, upload-time = "2025-08-14T12:04:27.287Z" },
    { url = "https://files.pythonhosted.org/packages/be/14/faf1b90d267cea68d7e70662e7f88cefdb1bc890bd596c74b959e0517a72/pyproj-3.7.2-cp313-cp313-macosx_13_0_x86_64.whl", hash = "sha256:19466e529b1b15eeefdf8ff26b06fa745856c044f2f77bf0edbae94078c1dfa1", size = 6214580, upload-time = "2025-08-14T12:04:28.804Z" },
    { url = "https://files.pythonhosted.org/packages/35/48/da9a45b184d375f62667f62eba0ca68569b0bd980a0bb7ffcc1d50440520/pyproj-3.7.2-cp313-cp313-macosx_14_0_arm64.whl", hash = "sha256:c79b9b84c4a626c5dc324c0d666be0bfcebd99f7538d66e8898c2444221b3da7", size = 4615388, upload-time = "2025-08-14T12:04:30.553Z" },
    { url = "https://files.pythonhosted.org/packages/5e/e7/d2b459a4a64bca328b712c1b544e109df88e5c800f7c143cfbc404d39bfb/pyproj-3.7.2-cp313-cp313-manylinux_2_28_aarch64.whl", hash = "sha256:ceecf374cacca317bc09e165db38ac548ee3cad07c3609442bd70311c59c21aa", size = 9628455, upload-time = "2025-08-14T12:04:32.435Z" },
    { url = "https://files.pythonhosted.org/packages/f8/85/c2b1706e51942de19076eff082f8495e57d5151364e78b5bef4af4a1d94a/pyproj-3.7.2-cp313-cp313-manylinux_2_28_x86_64.whl", hash = "sha256:5141a538ffdbe4bfd157421828bb2e07123a90a7a2d6f30fa1462abcfb5ce681", size = 9514269, upload-time = "2025-08-14T12:04:34.599Z" },
    { url = "https://files.pythonhosted.org/packages/34/38/07a9b89ae7467872f9a476883a5bad9e4f4d1219d31060f0f2b282276cbe/pyproj-3.7.2-cp313-cp313-musllinux_1_2_aarch64.whl", hash = "sha256:f000841e98ea99acbb7b8ca168d67773b0191de95187228a16110245c5d954d5", size = 10808437, upload-time = "2025-08-14T12:04:36.485Z" },
    { url = "https://files.pythonhosted.org/packages/12/56/fda1daeabbd39dec5b07f67233d09f31facb762587b498e6fc4572be9837/pyproj-3.7.2-cp313-cp313-musllinux_1_2_x86_64.whl", hash = "sha256:8115faf2597f281a42ab608ceac346b4eb1383d3b45ab474fd37341c4bf82a67", size = 10745540, upload-time = "2025-08-14T12:04:38.568Z" },
    { url = "https://files.pythonhosted.org/packages/0d/90/c793182cbba65a39a11db2ac6b479fe76c59e6509ae75e5744c344a0da9d/pyproj-3.7.2-cp313-cp313-win32.whl", hash = "sha256:f18c0579dd6be00b970cb1a6719197fceecc407515bab37da0066f0184aafdf3", size = 5896506, upload-time = "2025-08-14T12:04:41.059Z" },
    { url = "https://files.pythonhosted.org/packages/be/0f/747974129cf0d800906f81cd25efd098c96509026e454d4b66868779ab04/pyproj-3.7.2-cp313-cp313-win_amd64.whl", hash = "sha256:bb41c29d5f60854b1075853fe80c58950b398d4ebb404eb532536ac8d2834ed7", size = 6310195, upload-time = "2025-08-14T12:04:42.974Z" },
    { url = "https://files.pythonhosted.org/packages/82/64/fc7598a53172c4931ec6edf5228280663063150625d3f6423b4c20f9daff/pyproj-3.7.2-cp313-cp313-win_arm64.whl", hash = "sha256:2b617d573be4118c11cd96b8891a0b7f65778fa7733ed8ecdb297a447d439100", size = 6230748, upload-time = "2025-08-14T12:04:44.491Z" },
    { url = "https://files.pythonhosted.org/packages/aa/f0/611dd5cddb0d277f94b7af12981f56e1441bf8d22695065d4f0df5218498/pyproj-3.7.2-cp313-cp313t-macosx_13_0_x86_64.whl", hash = "sha256:d27b48f0e81beeaa2b4d60c516c3a1cfbb0c7ff6ef71256d8e9c07792f735279", size = 6241729, upload-time = "2025-08-14T12:04:46.274Z" },
    { url = "https://files.pythonhosted.org/packages/15/93/40bd4a6c523ff9965e480870611aed7eda5aa2c6128c6537345a2b77b542/pyproj-3.7.2-cp313-cp313t-macosx_14_0_arm64.whl", hash = "sha256:55a3610d75023c7b1c6e583e48ef8f62918e85a2ae81300569d9f104d6684bb6", size = 4652497, upload-time = "2025-08-14T12:04:48.203Z" },
    { url = "https://files.pythonhosted.org/packages/1b/ae/7150ead53c117880b35e0d37960d3138fe640a235feb9605cb9386f50bb0/pyproj-3.7.2-cp313-cp313t-manylinux_2_28_aarch64.whl", hash = "sha256:8d7349182fa622696787cc9e195508d2a41a64765da9b8a6bee846702b9e6220", size = 9942610, upload-time = "2025-08-14T12:04:49.652Z" },
    { url = "https://files.pythonhosted.org/packages/d8/17/7a4a7eafecf2b46ab64e5c08176c20ceb5844b503eaa551bf12ccac77322/pyproj-3.7.2-cp313-cp313t-manylinux_2_28_x86_64.whl", hash = "sha256:d230b186eb876ed4f29a7c5ee310144c3a0e44e89e55f65fb3607e13f6db337c", size = 9692390, upload-time = "2025-08-14T12:04:51.731Z" },
    { url = "https://files.pythonhosted.org/packages/c3/55/ae18f040f6410f0ea547a21ada7ef3e26e6c82befa125b303b02759c0e9d/pyproj-3.7.2-cp313-cp313t-musllinux_1_2_aarch64.whl", hash = "sha256:237499c7862c578d0369e2b8ac56eec550e391a025ff70e2af8417139dabb41c", size = 11047596, upload-time = "2025-08-14T12:04:53.748Z" },
    { url = "https://files.pythonhosted.org/packages/e6/2e/d3fff4d2909473f26ae799f9dda04caa322c417a51ff3b25763f7d03b233/pyproj-3.7.2-cp313-cp313t-musllinux_1_2_x86_64.whl", hash = "sha256:8c225f5978abd506fd9a78eaaf794435e823c9156091cabaab5374efb29d7f69", size = 10896975, upload-time = "2025-08-14T12:04:55.875Z" },
    { url = "https://files.pythonhosted.org/packages/f2/bc/8fc7d3963d87057b7b51ebe68c1e7c51c23129eee5072ba6b86558544a46/pyproj-3.7.2-cp313-cp313t-win32.whl", hash = "sha256:2da731876d27639ff9d2d81c151f6ab90a1546455fabd93368e753047be344a2", size = 5953057, upload-time = "2025-08-14T12:04:58.466Z" },
    { url = "https://files.pythonhosted.org/packages/cc/27/ea9809966cc47d2d51e6d5ae631ea895f7c7c7b9b3c29718f900a8f7d197/pyproj-3.7.2-cp313-cp313t-win_amd64.whl", hash = "sha256:f54d91ae18dd23b6c0ab48126d446820e725419da10617d86a1b69ada6d881d3", size = 6375414, upload-time = "2025-08-14T12:04:59.861Z" },
    { url = "https://files.pythonhosted.org/packages/5b/f8/1ef0129fba9a555c658e22af68989f35e7ba7b9136f25758809efec0cd6e/pyproj-3.7.2-cp313-cp313t-win_arm64.whl", hash = "sha256:fc52ba896cfc3214dc9f9ca3c0677a623e8fdd096b257c14a31e719d21ff3fdd", size = 6262501, upload-time = "2025-08-14T12:05:01.39Z" },
    { url = "https://files.pythonhosted.org/packages/42/17/c2b050d3f5b71b6edd0d96ae16c990fdc42a5f1366464a5c2772146de33a/pyproj-3.7.2-cp314-cp314-macosx_13_0_x86_64.whl", hash = "sha256:2aaa328605ace41db050d06bac1adc11f01b71fe95c18661497763116c3a0f02", size = 6214541, upload-time = "2025-08-14T12:05:03.166Z" },
    { url = "https://files.pythonhosted.org/packages/03/68/68ada9c8aea96ded09a66cfd9bf87aa6db8c2edebe93f5bf9b66b0143fbc/pyproj-3.7.2-cp314-cp314-macosx_14_0_arm64.whl", hash = "sha256:35dccbce8201313c596a970fde90e33605248b66272595c061b511c8100ccc08", size = 4617456, upload-time = "2025-08-14T12:05:04.563Z" },
    { url = "https://files.pythonhosted.org/packages/81/e4/4c50ceca7d0e937977866b02cb64e6ccf4df979a5871e521f9e255df6073/pyproj-3.7.2-cp314-cp314-manylinux_2_28_aarch64.whl", hash = "sha256:25b0b7cb0042444c29a164b993c45c1b8013d6c48baa61dc1160d834a277e83b", size = 9615590, upload-time = "2025-08-14T12:05:06.094Z" },
    { url = "https://files.pythonhosted.org/packages/05/1e/ada6fb15a1d75b5bd9b554355a69a798c55a7dcc93b8d41596265c1772e3/pyproj-3.7.2-cp314-cp314-manylinux_2_28_x86_64.whl", hash = "sha256:85def3a6388e9ba51f964619aa002a9d2098e77c6454ff47773bb68871024281", size = 9474960, upload-time = "2025-08-14T12:05:07.973Z" },
    { url = "https://files.pythonhosted.org/packages/51/07/9d48ad0a8db36e16f842f2c8a694c1d9d7dcf9137264846bef77585a71f3/pyproj-3.7.2-cp314-cp314-musllinux_1_2_aarch64.whl", hash = "sha256:b1bccefec3875ab81eabf49059e2b2ea77362c178b66fd3528c3e4df242f1516", size = 10799478, upload-time = "2025-08-14T12:05:14.102Z" },
    { url = "https://files.pythonhosted.org/packages/85/cf/2f812b529079f72f51ff2d6456b7fef06c01735e5cfd62d54ffb2b548028/pyproj-3.7.2-cp314-cp314-musllinux_1_2_x86_64.whl", hash = "sha256:d5371ca114d6990b675247355a801925814eca53e6c4b2f1b5c0a956336ee36e", size = 10710030, upload-time = "2025-08-14T12:05:16.317Z" },
    { url = "https://files.pythonhosted.org/packages/99/9b/4626a19e1f03eba4c0e77b91a6cf0f73aa9cb5d51a22ee385c22812bcc2c/pyproj-3.7.2-cp314-cp314-win32.whl", hash = "sha256:77f066626030f41be543274f5ac79f2a511fe89860ecd0914f22131b40a0ec25", size = 5991181, upload-time = "2025-08-14T12:05:19.492Z" },
    { url = "https://files.pythonhosted.org/packages/04/b2/5a6610554306a83a563080c2cf2c57565563eadd280e15388efa00fb5b33/pyproj-3.7.2-cp314-cp314-win_amd64.whl", hash = "sha256:5a964da1696b8522806f4276ab04ccfff8f9eb95133a92a25900697609d40112", size = 6434721, upload-time = "2025-08-14T12:05:21.022Z" },
    { url = "https://files.pythonhosted.org/packages/ae/ce/6c910ea2e1c74ef673c5d48c482564b8a7824a44c4e35cca2e765b68cfcc/pyproj-3.7.2-cp314-cp314-win_arm64.whl", hash = "sha256:e258ab4dbd3cf627809067c0ba8f9884ea76c8e5999d039fb37a1619c6c3e1f6", size = 6363821, upload-time = "2025-08-14T12:05:22.627Z" },
    { url = "https://files.pythonhosted.org/packages/e4/e4/5532f6f7491812ba782a2177fe9de73fd8e2912b59f46a1d056b84b9b8f2/pyproj-3.7.2-cp314-cp314t-macosx_13_0_x86_64.whl", hash = "sha256:bbbac2f930c6d266f70ec75df35ef851d96fdb3701c674f42fd23a9314573b37", size = 6241773, upload-time = "2025-08-14T12:05:24.577Z" },
    { url = "https://files.pythonhosted.org/packages/20/1f/0938c3f2bbbef1789132d1726d9b0e662f10cfc22522743937f421ad664e/pyproj-3.7.2-cp314-cp314t-macosx_14_0_arm64.whl", hash = "sha256:b7544e0a3d6339dc9151e9c8f3ea62a936ab7cc446a806ec448bbe86aebb979b", size = 4652537, upload-time = "2025-08-14T12:05:26.391Z" },
    { url = "https://files.pythonhosted.org/packages/c7/a8/488b1ed47d25972f33874f91f09ca8f2227902f05f63a2b80dc73e7b1c97/pyproj-3.7.2-cp314-cp314t-manylinux_2_28_aarch64.whl", hash = "sha256:f7f5133dca4c703e8acadf6f30bc567d39a42c6af321e7f81975c2518f3ed357", size = 9940864, upload-time = "2025-08-14T12:05:27.985Z" },
    { url = "https://files.pythonhosted.org/packages/c7/cc/7f4c895d0cb98e47b6a85a6d79eaca03eb266129eed2f845125c09cf31ff/pyproj-3.7.2-cp314-cp314t-manylinux_2_28_x86_64.whl", hash = "sha256:5aff3343038d7426aa5076f07feb88065f50e0502d1b0d7c22ddfdd2c75a3f81", size = 9688868, upload-time = "2025-08-14T12:05:30.425Z" },
    { url = "https://files.pythonhosted.org/packages/b2/b7/c7e306b8bb0f071d9825b753ee4920f066c40fbfcce9372c4f3cfb2fc4ed/pyproj-3.7.2-cp314-cp314t-musllinux_1_2_aarch64.whl", hash = "sha256:b0552178c61f2ac1c820d087e8ba6e62b29442debddbb09d51c4bf8acc84d888", size = 11045910, upload-time = "2025-08-14T12:05:32.507Z" },
    { url = "https://files.pythonhosted.org/packages/42/fb/538a4d2df695980e2dde5c04d965fbdd1fe8c20a3194dc4aaa3952a4d1be/pyproj-3.7.2-cp314-cp314t-musllinux_1_2_x86_64.whl", hash = "sha256:47d87db2d2c436c5fd0409b34d70bb6cdb875cca2ebe7a9d1c442367b0ab8d59", size = 10895724, upload-time = "2025-08-14T12:05:35.465Z" },
    { url = "https://files.pythonhosted.org/packages/e8/8b/a3f0618b03957de9db5489a04558a8826f43906628bb0b766033aa3b5548/pyproj-3.7.2-cp314-cp314t-win32.whl", hash = "sha256:c9b6f1d8ad3e80a0ee0903a778b6ece7dca1d1d40f6d114ae01bc8ddbad971aa", size = 6056848, upload-time = "2025-08-14T12:05:37.553Z" },
    { url = "https://files.pythonhosted.org/packages/bc/56/413240dd5149dd3291eda55aa55a659da4431244a2fd1319d0ae89407cfb/pyproj-3.7.2-cp314-cp314t-win_amd64.whl", hash = "sha256:1914e29e27933ba6f9822663ee0600f169014a2859f851c054c88cf5ea8a333c", size = 6517676, upload-time = "2025-08-14T12:05:39.126Z" },
    { url = "https://files.pythonhosted.org/packages/15/73/a7141a1a0559bf1a7aa42a11c879ceb19f02f5c6c371c6d57fd86cefd4d1/pyproj-3.7.2-cp314-cp314t-win_arm64.whl", hash = "sha256:d9d25bae416a24397e0d85739f84d323b55f6511e45a522dd7d7eae70d10c7e4", size = 6391844, upload-time = "2025-08-14T12:05:40.745Z" },
]
